
Microsoft Visual Studio Solution File, Format Version 12.00
# Visual Studio 2012
Project("{FAE04EC0-301F-11D3-BF4B-00C04F79EFBC}") = "Luadicrous", "Luadicrous\Luadicrous.csproj", "{0850A521-A4E6-4B6C-A3BA-A1E430DD83F8}"
EndProject
Project("{FAE04EC0-301F-11D3-BF4B-00C04F79EFBC}") = "Luadicrous.Framework", "Luadicrous.Framework\Luadicrous.Framework.csproj", "{51EB7CCD-B126-4B7D-973C-F7262485960C}"
EndProject
Global
	GlobalSection(SolutionConfigurationPlatforms) = preSolution
		Debug|x86 = Debug|x86
		Release|x86 = Release|x86
	EndGlobalSection
	GlobalSection(ProjectConfigurationPlatforms) = postSolution
		{0850A521-A4E6-4B6C-A3BA-A1E430DD83F8}.Debug|x86.ActiveCfg = Debug|x86
		{0850A521-A4E6-4B6C-A3BA-A1E430DD83F8}.Debug|x86.Build.0 = Debug|x86
		{0850A521-A4E6-4B6C-A3BA-A1E430DD83F8}.Release|x86.ActiveCfg = Release|x86
		{0850A521-A4E6-4B6C-A3BA-A1E430DD83F8}.Release|x86.Build.0 = Release|x86
		{51EB7CCD-B126-4B7D-973C-F7262485960C}.Debug|x86.ActiveCfg = Debug|Any CPU
		{51EB7CCD-B126-4B7D-973C-F7262485960C}.Debug|x86.Build.0 = Debug|Any CPU
		{51EB7CCD-B126-4B7D-973C-F7262485960C}.Release|x86.ActiveCfg = Release|Any CPU
		{51EB7CCD-B126-4B7D-973C-F7262485960C}.Release|x86.Build.0 = Release|Any CPU
	EndGlobalSection
EndGlobal
